# THIS IS AN AUTOGENERATED FILE. DO NOT EDIT THIS FILE DIRECTLY.
# yarn lockfile v1


"@types/d3-array@^3.0.3":
  version "3.2.1"
  resolved "https://registry.yarnpkg.com/@types/d3-array/-/d3-array-3.2.1.tgz#1f6658e3d2006c4fceac53fde464166859f8b8c5"
  integrity sha512-Y2Jn2idRrLzUfAKV2LyRImR+y4oa2AntrgID95SHJxuMUrkNXmanDSed71sRNZysveJVt1hLLemQZIady0FpEg==

"@types/d3-color@*":
  version "3.1.3"
  resolved "https://registry.yarnpkg.com/@types/d3-color/-/d3-color-3.1.3.tgz#368c961a18de721da8200e80bf3943fb53136af2"
  integrity sha512-iO90scth9WAbmgv7ogoq57O9YpKmFBbmoEoCHDB2xMBY0+/KVrqAaCDyCE16dUspeOvIxFFRI+0sEtqDqy2b4A==

"@types/d3-ease@^3.0.0":
  version "3.0.2"
  resolved "https://registry.yarnpkg.com/@types/d3-ease/-/d3-ease-3.0.2.tgz#e28db1bfbfa617076f7770dd1d9a48eaa3b6c51b"
  integrity sha512-NcV1JjO5oDzoK26oMzbILE6HW7uVXOHLQvHshBUW4UMdZGfiY6v5BeQwh9a9tCzv+CeefZQHJt5SRgK154RtiA==

"@types/d3-interpolate@^3.0.1":
  version "3.0.4"
  resolved "https://registry.yarnpkg.com/@types/d3-interpolate/-/d3-interpolate-3.0.4.tgz#412b90e84870285f2ff8a846c6eb60344f12a41c"
  integrity sha512-mgLPETlrpVV1YRJIglr4Ez47g7Yxjl1lj7YKsiMCb27VJH9W8NVM6Bb9d8kkpG/uAQS5AmbA48q2IAolKKo1MA==
  dependencies:
    "@types/d3-color" "*"

"@types/d3-path@*":
  version "3.1.0"
  resolved "https://registry.yarnpkg.com/@types/d3-path/-/d3-path-3.1.0.tgz#2b907adce762a78e98828f0b438eaca339ae410a"
  integrity sha512-P2dlU/q51fkOc/Gfl3Ul9kicV7l+ra934qBFXCFhrZMOL6du1TM0pm1ThYvENukyOn5h9v+yMJ9Fn5JK4QozrQ==

"@types/d3-scale@^4.0.2":
  version "4.0.8"
  resolved "https://registry.yarnpkg.com/@types/d3-scale/-/d3-scale-4.0.8.tgz#d409b5f9dcf63074464bf8ddfb8ee5a1f95945bb"
  integrity sha512-gkK1VVTr5iNiYJ7vWDI+yUFFlszhNMtVeneJ6lUTKPjprsvLLI9/tgEGiXJOnlINJA8FyA88gfnQsHbybVZrYQ==
  dependencies:
    "@types/d3-time" "*"

"@types/d3-shape@^3.1.0":
  version "3.1.6"
  resolved "https://registry.yarnpkg.com/@types/d3-shape/-/d3-shape-3.1.6.tgz#65d40d5a548f0a023821773e39012805e6e31a72"
  integrity sha512-5KKk5aKGu2I+O6SONMYSNflgiP0WfZIQvVUMan50wHsLG1G94JlxEVnCpQARfTtzytuY0p/9PXXZb3I7giofIA==
  dependencies:
    "@types/d3-path" "*"

"@types/d3-time@*", "@types/d3-time@^3.0.0":
  version "3.0.3"
  resolved "https://registry.yarnpkg.com/@types/d3-time/-/d3-time-3.0.3.tgz#3c186bbd9d12b9d84253b6be6487ca56b54f88be"
  integrity sha512-2p6olUZ4w3s+07q3Tm2dbiMZy5pCDfYwtLXXHUnVzXgQlZ/OyPtUz6OL382BkOuGlLXqfT+wqv8Fw2v8/0geBw==

"@types/d3-timer@^3.0.0":
  version "3.0.2"
  resolved "https://registry.yarnpkg.com/@types/d3-timer/-/d3-timer-3.0.2.tgz#70bbda77dc23aa727413e22e214afa3f0e852f70"
  integrity sha512-Ps3T8E8dZDam6fUyNiMkekK3XUsaUEik+idO9/YjPtfj2qruF8tFBXS7XhtE4iIXBLxhmLjP3SXpLhVf21I9Lw==

"d3-array@2 - 3", "d3-array@2.10.0 - 3", d3-array@^3.1.6:
  version "3.2.4"
  resolved "https://registry.yarnpkg.com/d3-array/-/d3-array-3.2.4.tgz#15fec33b237f97ac5d7c986dc77da273a8ed0bb5"
  integrity sha512-tdQAmyA18i4J7wprpYq8ClcxZy3SC31QMeByyCFyRt7BVHdREQZ5lpzoe5mFEYZUWe+oq8HBvk9JjpibyEV4Jg==
  dependencies:
    internmap "1 - 2"

"d3-color@1 - 3":
  version "3.1.0"
  resolved "https://registry.yarnpkg.com/d3-color/-/d3-color-3.1.0.tgz#395b2833dfac71507f12ac2f7af23bf819de24e2"
  integrity sha512-zg/chbXyeBtMQ1LbD/WSoW2DpC3I0mpmPdW+ynRTj/x2DAWYrIY7qeZIHidozwV24m4iavr15lNwIwLxRmOxhA==

d3-ease@^3.0.1:
  version "3.0.1"
  resolved "https://registry.yarnpkg.com/d3-ease/-/d3-ease-3.0.1.tgz#9658ac38a2140d59d346160f1f6c30fda0bd12f4"
  integrity sha512-wR/XK3D3XcLIZwpbvQwQ5fK+8Ykds1ip7A2Txe0yxncXSdq1L9skcG7blcedkOX+ZcgxGAmLX1FrRGbADwzi0w==

"d3-format@1 - 3":
  version "3.1.0"
  resolved "https://registry.yarnpkg.com/d3-format/-/d3-format-3.1.0.tgz#9260e23a28ea5cb109e93b21a06e24e2ebd55641"
  integrity sha512-YyUI6AEuY/Wpt8KWLgZHsIU86atmikuoOmCfommt0LYHiQSPjvX2AcFc38PX0CBpr2RCyZhjex+NS/LPOv6YqA==

"d3-interpolate@1.2.0 - 3", d3-interpolate@^3.0.1:
  version "3.0.1"
  resolved "https://registry.yarnpkg.com/d3-interpolate/-/d3-interpolate-3.0.1.tgz#3c47aa5b32c5b3dfb56ef3fd4342078a632b400d"
  integrity sha512-3bYs1rOD33uo8aqJfKP3JWPAibgw8Zm2+L9vBKEHJ2Rg+viTR7o5Mmv5mZcieN+FRYaAOWX5SJATX6k1PWz72g==
  dependencies:
    d3-color "1 - 3"

d3-path@^3.1.0:
  version "3.1.0"
  resolved "https://registry.yarnpkg.com/d3-path/-/d3-path-3.1.0.tgz#22df939032fb5a71ae8b1800d61ddb7851c42526"
  integrity sha512-p3KP5HCf/bvjBSSKuXid6Zqijx7wIfNW+J/maPs+iwR35at5JCbLUT0LzF1cnjbCHWhqzQTIN2Jpe8pRebIEFQ==

d3-scale@^4.0.2:
  version "4.0.2"
  resolved "https://registry.yarnpkg.com/d3-scale/-/d3-scale-4.0.2.tgz#82b38e8e8ff7080764f8dcec77bd4be393689396"
  integrity sha512-GZW464g1SH7ag3Y7hXjf8RoUuAFIqklOAq3MRl4OaWabTFJY9PN/E1YklhXLh+OQ3fM9yS2nOkCoS+WLZ6kvxQ==
  dependencies:
    d3-array "2.10.0 - 3"
    d3-format "1 - 3"
    d3-interpolate "1.2.0 - 3"
    d3-time "2.1.1 - 3"
    d3-time-format "2 - 4"

d3-shape@^3.1.0:
  version "3.2.0"
  resolved "https://registry.yarnpkg.com/d3-shape/-/d3-shape-3.2.0.tgz#a1a839cbd9ba45f28674c69d7f855bcf91dfc6a5"
  integrity sha512-SaLBuwGm3MOViRq2ABk3eLoxwZELpH6zhl3FbAoJ7Vm1gofKx6El1Ib5z23NUEhF9AsGl7y+dzLe5Cw2AArGTA==
  dependencies:
    d3-path "^3.1.0"

"d3-time-format@2 - 4":
  version "4.1.0"
  resolved "https://registry.yarnpkg.com/d3-time-format/-/d3-time-format-4.1.0.tgz#7ab5257a5041d11ecb4fe70a5c7d16a195bb408a"
  integrity sha512-dJxPBlzC7NugB2PDLwo9Q8JiTR3M3e4/XANkreKSUxF8vvXKqm1Yfq4Q5dl8budlunRVlUUaDUgFt7eA8D6NLg==
  dependencies:
    d3-time "1 - 3"

"d3-time@1 - 3", "d3-time@2.1.1 - 3", d3-time@^3.0.0:
  version "3.1.0"
  resolved "https://registry.yarnpkg.com/d3-time/-/d3-time-3.1.0.tgz#9310db56e992e3c0175e1ef385e545e48a9bb5c7"
  integrity sha512-VqKjzBLejbSMT4IgbmVgDjpkYrNWUYJnbCGo874u7MMKIWsILRX+OpX/gTk8MqjpT1A/c6HY2dCA77ZN0lkQ2Q==
  dependencies:
    d3-array "2 - 3"

d3-timer@^3.0.1:
  version "3.0.1"
  resolved "https://registry.yarnpkg.com/d3-timer/-/d3-timer-3.0.1.tgz#6284d2a2708285b1abb7e201eda4380af35e63b0"
  integrity sha512-ndfJ/JxxMd3nw31uyKoY2naivF+r29V+Lc0svZxe1JvvIRmi8hUsrMvdOwgS1o6uBHmiz91geQ0ylPP0aj1VUA==

d3-voronoi@^1.1.4:
  version "1.1.4"
  resolved "https://registry.yarnpkg.com/d3-voronoi/-/d3-voronoi-1.1.4.tgz#dd3c78d7653d2bb359284ae478645d95944c8297"
  integrity sha512-dArJ32hchFsrQ8uMiTBLq256MpnZjeuBtdHpaDlYuQyjU0CVzCJl/BVW+SkszaAeH95D/8gxqAhgx0ouAWAfRg==

delaunator@^4.0.0:
  version "4.0.1"
  resolved "https://registry.yarnpkg.com/delaunator/-/delaunator-4.0.1.tgz#3d779687f57919a7a418f8ab947d3bddb6846957"
  integrity sha512-WNPWi1IRKZfCt/qIDMfERkDp93+iZEmOxN2yy4Jg+Xhv8SLk2UTqqbe1sfiipn0and9QrE914/ihdx82Y/Giag==

delaunay-find@0.0.6:
  version "0.0.6"
  resolved "https://registry.yarnpkg.com/delaunay-find/-/delaunay-find-0.0.6.tgz#2ed017a79410013717fa7d9422e082c2502d4ae3"
  integrity sha512-1+almjfrnR7ZamBk0q3Nhg6lqSe6Le4vL0WJDSMx4IDbQwTpUTXPjxC00lqLBT8MYsJpPCbI16sIkw9cPsbi7Q==
  dependencies:
    delaunator "^4.0.0"

"internmap@1 - 2":
  version "2.0.3"
  resolved "https://registry.yarnpkg.com/internmap/-/internmap-2.0.3.tgz#6685f23755e43c524e251d29cbc97248e3061009"
  integrity sha512-5Hh7Y1wQbvY5ooGgPbDaL5iYLAPzMTUrjMulskHLH6wnv/A+1q5rgEaiuqEjB+oxGXIVZs1FF+R/KPN3ZSQYYg==

json-stringify-safe@^5.0.1:
  version "5.0.1"
  resolved "https://registry.yarnpkg.com/json-stringify-safe/-/json-stringify-safe-5.0.1.tgz#1296a2d58fd45f19a0f6ce01d65701e2c735b6eb"
  integrity sha512-ZClg6AaYvamvYEE82d3Iyd3vSSIjQ+odgjaTzRuO3s7toCdFKczob2i0zCh7JE8kWn17yvAWhUVxvqGwUalsRA==

lodash@^4.17.19, lodash@^4.17.21:
  version "4.17.21"
  resolved "https://registry.yarnpkg.com/lodash/-/lodash-4.17.21.tgz#679591c564c3bffaae8454cf0b3df370c3d6911c"
  integrity sha512-v2kDEe57lecTulaDIuNTPy3Ry4gLGJ6Z1O3vE1krgXZNrsQ+LFTGHVxVjcXPs17LhbZVGedAJv8XZ1tvj5FvSg==

react-fast-compare@^3.2.0:
  version "3.2.2"
  resolved "https://registry.yarnpkg.com/react-fast-compare/-/react-fast-compare-3.2.2.tgz#929a97a532304ce9fee4bcae44234f1ce2c21d49"
  integrity sha512-nsO+KSNgo1SbJqJEYRE9ERzo7YtYbou/OqjSQKxV7jcKox7+usiUVZOAC+XnDOABXggQTno0Y1CpVnuWEc1boQ==

victory-area@^36.9.1:
  version "36.9.1"
  resolved "https://registry.yarnpkg.com/victory-area/-/victory-area-36.9.1.tgz#40635ad2a55ad0f1eaee8e2ef0630e13d2f1125a"
  integrity sha512-rElzHXJBXZ6sFkYs10aFUoUikFI48XZLbFIfL1tzdA74T426fTRQZNlKvjb2s3XL4fcecqVpvlg1I2dkaAszIQ==
  dependencies:
    lodash "^4.17.19"
    victory-core "^36.9.1"
    victory-vendor "^36.9.1"

victory-axis@^36.9.1:
  version "36.9.1"
  resolved "https://registry.yarnpkg.com/victory-axis/-/victory-axis-36.9.1.tgz#35ab0aabc10712850502283105da62d3618785eb"
  integrity sha512-s23wAFlE2KFSb6pRlmY4GXL7ZC2poL7jfUJbVWovBDkIUiz5G020ba2+RfMBL4tBTK006OPzQ3GeUPASG7qejA==
  dependencies:
    lodash "^4.17.19"
    victory-core "^36.9.1"

victory-bar@^36.9.1:
  version "36.9.1"
  resolved "https://registry.yarnpkg.com/victory-bar/-/victory-bar-36.9.1.tgz#5f224d7cbc59cc155492b1bd6dcf7a7af5275879"
  integrity sha512-XCPKgeSBFItux1dBFpTZD90uqMw0wgd4+xD+sRgagVthTdppS3JV4YPNo1MxC/Gdm6XQfBFckcFpNG1qm3Noqw==
  dependencies:
    lodash "^4.17.19"
    victory-core "^36.9.1"
    victory-vendor "^36.9.1"

victory-box-plot@^36.9.1:
  version "36.9.1"
  resolved "https://registry.yarnpkg.com/victory-box-plot/-/victory-box-plot-36.9.1.tgz#29eadb940471ec542c801160dc93b173e5be3765"
  integrity sha512-+dSHrA1naP5xEuVeIEoRadE8VL0+QmobJ6qwTxhZyjSwR9CGOelFZEgK4oVzWb7pfSa3dYUlXQRc+UWG02zFVw==
  dependencies:
    lodash "^4.17.19"
    victory-core "^36.9.1"
    victory-vendor "^36.9.1"

victory-brush-container@^36.9.1:
  version "36.9.1"
  resolved "https://registry.yarnpkg.com/victory-brush-container/-/victory-brush-container-36.9.1.tgz#bef257072d572b05cd99463fff3011925aec2fc6"
  integrity sha512-XyLqCQ1LV1QbnWJh1ZlNxzk5Yp8PHqzGH6HLcnnKodZE8FBWTSREgELMQCrcT9NczI2GAA7XNkhGkZcJ4SuBMw==
  dependencies:
    lodash "^4.17.19"
    react-fast-compare "^3.2.0"
    victory-core "^36.9.1"

victory-brush-line@^36.9.1:
  version "36.9.1"
  resolved "https://registry.yarnpkg.com/victory-brush-line/-/victory-brush-line-36.9.1.tgz#61c926325989afcebd655cc7789460e21c6d8495"
  integrity sha512-evk8KThXX425wUvbAXIKLxcbddIB81b1bVGaQW+fuRGQi9ZOB0pCQxC23Pb7wrBaHzn7iyxbPwWbv9jZhfA5RQ==
  dependencies:
    lodash "^4.17.19"
    react-fast-compare "^3.2.0"
    victory-core "^36.9.1"

victory-candlestick@^36.9.1:
  version "36.9.1"
  resolved "https://registry.yarnpkg.com/victory-candlestick/-/victory-candlestick-36.9.1.tgz#a8b8f620b19d1c4947bf07db6f3ed95cca0bea91"
  integrity sha512-Ki2dM+xAKznP9YTqPr4wbUbs3qHwWUB/LGRSH753cn/VbvvLJGsw9AjTsDDCjPunlxljRUnISmBlABPQgUwxJg==
  dependencies:
    lodash "^4.17.19"
    victory-core "^36.9.1"

victory-canvas@^36.9.1:
  version "36.9.1"
  resolved "https://registry.yarnpkg.com/victory-canvas/-/victory-canvas-36.9.1.tgz#8165f055fea44b565f7b92877a4014e9c2fd2e1c"
  integrity sha512-MfFrNqmQYrj3IdDx3pqdc67YWDouGJVPq5B2Jd9f71pJhxfbXAAsCC0OB7kDgZjVwzPlH2FpaOfRBan8zUJaPg==
  dependencies:
    lodash "^4.17.19"
    victory-bar "^36.9.1"
    victory-core "^36.9.1"

victory-chart@^36.9.1:
  version "36.9.1"
  resolved "https://registry.yarnpkg.com/victory-chart/-/victory-chart-36.9.1.tgz#952b88180c00f34b39aa32cce683692cd445bda2"
  integrity sha512-i87Ok1vAeY9LirQt6T7B8tSr7d1vAuZvVv7f1MTTlRLHEAvifBNiGrhZho5ETzvTOXOAM7UjwqzPZze0Gk66cA==
  dependencies:
    lodash "^4.17.19"
    react-fast-compare "^3.2.0"
    victory-axis "^36.9.1"
    victory-core "^36.9.1"
    victory-polar-axis "^36.9.1"
    victory-shared-events "^36.9.1"

victory-core@^36.9.1:
  version "36.9.1"
  resolved "https://registry.yarnpkg.com/victory-core/-/victory-core-36.9.1.tgz#9b06e47d8a233b312992e98206074502ed7f4ccf"
  integrity sha512-voPTyOyyVipzJPjelxvszVixiI98ApMNb6X9qfaFYK7fHyavF/Hy4sf/Hwq1otatLI7zpr2hC4wF+af6HDELqA==
  dependencies:
    lodash "^4.17.21"
    react-fast-compare "^3.2.0"
    victory-vendor "^36.9.1"

victory-create-container@^36.9.1:
  version "36.9.1"
  resolved "https://registry.yarnpkg.com/victory-create-container/-/victory-create-container-36.9.1.tgz#8034596e95eb3f1beb830c86efe50b9528deb892"
  integrity sha512-L1c66whZAFnChVQdU2E0aYiTy3Wc1cM58V2vZPo1ORea/W9h3ojOW2bpYkG/XLf67PgnFZ299i23UzuC16Z5uw==
  dependencies:
    lodash "^4.17.19"
    victory-brush-container "^36.9.1"
    victory-core "^36.9.1"
    victory-cursor-container "^36.9.1"
    victory-selection-container "^36.9.1"
    victory-voronoi-container "^36.9.1"
    victory-zoom-container "^36.9.1"

victory-cursor-container@^36.9.1:
  version "36.9.1"
  resolved "https://registry.yarnpkg.com/victory-cursor-container/-/victory-cursor-container-36.9.1.tgz#0d386d89d5f29dfce4c197570adefdabc3a2085b"
  integrity sha512-jAxlHbebVjIvmyUBf2AVbfk3rpQNyWPSVoozcBAzjDKhrUn5GIPvytg8QvFsShwdCtSob1eSyBEsGkb16F6xnw==
  dependencies:
    lodash "^4.17.19"
    victory-core "^36.9.1"

victory-errorbar@^36.9.1:
  version "36.9.1"
  resolved "https://registry.yarnpkg.com/victory-errorbar/-/victory-errorbar-36.9.1.tgz#0ff0f0374597d48864502ae0e038e3c0169cc044"
  integrity sha512-h19jbkd9LuINKCH8dhXSwSt/UuCiphH75+j3rbSQF9kibzOpUa+WT2IbvHcZEig7obuvj+p2734Ve2Lx4xDE6A==
  dependencies:
    lodash "^4.17.19"
    victory-core "^36.9.1"

victory-group@^36.9.1:
  version "36.9.1"
  resolved "https://registry.yarnpkg.com/victory-group/-/victory-group-36.9.1.tgz#569bbeb0ced71ebfa7c58c5a8d320c2a6bca689a"
  integrity sha512-FJwZbrwMJSR/ucj4rYXKYJ+R6oDNsHPG2OvVs4KWkMSSp1Ld/0/V42qFqFNixcLAEcD5ACYtyigZOmS8VEnSnA==
  dependencies:
    lodash "^4.17.19"
    react-fast-compare "^3.2.0"
    victory-core "^36.9.1"
    victory-shared-events "^36.9.1"

victory-histogram@^36.9.1:
  version "36.9.1"
  resolved "https://registry.yarnpkg.com/victory-histogram/-/victory-histogram-36.9.1.tgz#63e8e05335a64712f9879e5639459c714aadfca9"
  integrity sha512-GIsY8S7ouVvvO5xQpUEWOrS8lQfWpZQNINtvvPsYgDidQtBeOfHi4S1yg9Txrs2kHzZ7uy2LpMcOoyGXdG0V6Q==
  dependencies:
    lodash "^4.17.19"
    react-fast-compare "^3.2.0"
    victory-bar "^36.9.1"
    victory-core "^36.9.1"
    victory-vendor "^36.9.1"

victory-legend@^36.9.1:
  version "36.9.1"
  resolved "https://registry.yarnpkg.com/victory-legend/-/victory-legend-36.9.1.tgz#58149b3970cd2ca6e54433b8626388689bcf102e"
  integrity sha512-NVWJzEJgm2+LH94b6aUQ96M58TzAgKP9wXlQC/CuYLMqK45RiLwg7pkSNuXBdtQiJgpD3W6d6klHQmUP2JkNzA==
  dependencies:
    lodash "^4.17.19"
    victory-core "^36.9.1"

victory-line@^36.9.1:
  version "36.9.1"
  resolved "https://registry.yarnpkg.com/victory-line/-/victory-line-36.9.1.tgz#345f07754b3ac084e3d79247046bbe5566c2ace9"
  integrity sha512-WfnDMI5mYN+7rC21yG3IXLIkGL+xNPAFDYikCwtKD9MnHUqk1k/HMGTH0BCVPgXagwIzd8aGpbJGlvcfRr1Kvg==
  dependencies:
    lodash "^4.17.19"
    victory-core "^36.9.1"
    victory-vendor "^36.9.1"

victory-pie@^36.9.1:
  version "36.9.1"
  resolved "https://registry.yarnpkg.com/victory-pie/-/victory-pie-36.9.1.tgz#32dcd2ee93b95e99b48d6e91823da98e6c546a16"
  integrity sha512-TjfGe1Wd8cWaV7Ldd2AgPstAT0qbxY8EHYj2YyB93qfZCwdLQqxEmDobl+T+BmnRtCodXUWdghkLvVggf4N0bQ==
  dependencies:
    lodash "^4.17.19"
    victory-core "^36.9.1"
    victory-vendor "^36.9.1"

victory-polar-axis@^36.9.1:
  version "36.9.1"
  resolved "https://registry.yarnpkg.com/victory-polar-axis/-/victory-polar-axis-36.9.1.tgz#e81401075c4c01bca6781139ab8170fd9d34018b"
  integrity sha512-C7oPeRzG0Mn+Veu8qI1lVgiBMyZwdrvnplUi6AnFvYf9wURoFjyC+DQ7Eh5IH4TeVQz9rr9ksiliFtXPOHCwvg==
  dependencies:
    lodash "^4.17.19"
    victory-core "^36.9.1"

victory-scatter@^36.9.1:
  version "36.9.1"
  resolved "https://registry.yarnpkg.com/victory-scatter/-/victory-scatter-36.9.1.tgz#82e9e7069cbada550d50af328004c53ed1459dca"
  integrity sha512-n5h/PUW2pHwiBJi0gLt5D5/jM3ZNXnFqZyjFkiKP6nztUtLRQfjcDMwmRWFOF/WZS/e2C7qMYizuXmxuU5ZVOw==
  dependencies:
    lodash "^4.17.19"
    victory-core "^36.9.1"

victory-selection-container@^36.9.1:
  version "36.9.1"
  resolved "https://registry.yarnpkg.com/victory-selection-container/-/victory-selection-container-36.9.1.tgz#b5c8cd00d9ec8b88d32d18052c399063be7dec53"
  integrity sha512-yugHpsS+JHmhJdhduuDHIBVg0mJ60Nge52CCHdiqM7hitcK1+hJgeEPt9zyCDYivQrBimRCGjNYfXhjjCbxzrg==
  dependencies:
    lodash "^4.17.19"
    victory-core "^36.9.1"

victory-shared-events@^36.9.1:
  version "36.9.1"
  resolved "https://registry.yarnpkg.com/victory-shared-events/-/victory-shared-events-36.9.1.tgz#53486abdc7d591d809f9ec91ed2eb1a4574d09b3"
  integrity sha512-U+iDeuv17qYbigMivQcYmZPrvCMHQ8oHFprrlmF9K9cby3q9NFuZ6bbZUngm8kB61P0L6gR0BbYSWvdT9QUEbA==
  dependencies:
    json-stringify-safe "^5.0.1"
    lodash "^4.17.19"
    react-fast-compare "^3.2.0"
    victory-core "^36.9.1"

victory-stack@^36.9.1:
  version "36.9.1"
  resolved "https://registry.yarnpkg.com/victory-stack/-/victory-stack-36.9.1.tgz#4d1f177ec7f2e498279fa2630328df26aea25689"
  integrity sha512-yTSLyq3PShJIIsHFjRZcWJvJsZU0+kZ6OhYawqnE133XkaQFdA6C4nhMGCAs6VzFT9PofzFuU0OY4geZ70G1TQ==
  dependencies:
    lodash "^4.17.19"
    react-fast-compare "^3.2.0"
    victory-core "^36.9.1"
    victory-shared-events "^36.9.1"

victory-tooltip@^36.9.1:
  version "36.9.1"
  resolved "https://registry.yarnpkg.com/victory-tooltip/-/victory-tooltip-36.9.1.tgz#57fd080aa9f7f096b924ef3441021f8ddeb16a7c"
  integrity sha512-/ICZ4jaYFplSgK1HkFikEN9d4xlRm7dI7MouYTC1m74q869nMPycLJeVjUo9RsiPnUDeiJLAnKZnXb0oICyYsQ==
  dependencies:
    lodash "^4.17.19"
    victory-core "^36.9.1"

victory-vendor@^36.9.1:
  version "36.9.1"
  resolved "https://registry.yarnpkg.com/victory-vendor/-/victory-vendor-36.9.1.tgz#a7536766ca9725711c7dc1a36dd1d1d248cfa22d"
  integrity sha512-+pZIP+U3pEJdDCeFmsXwHzV7vNHQC/eIbHklfe2ZCZqayYRH7lQbHcVgsJ0XOOv27hWs4jH4MONgXxHMObTMSA==
  dependencies:
    "@types/d3-array" "^3.0.3"
    "@types/d3-ease" "^3.0.0"
    "@types/d3-interpolate" "^3.0.1"
    "@types/d3-scale" "^4.0.2"
    "@types/d3-shape" "^3.1.0"
    "@types/d3-time" "^3.0.0"
    "@types/d3-timer" "^3.0.0"
    d3-array "^3.1.6"
    d3-ease "^3.0.1"
    d3-interpolate "^3.0.1"
    d3-scale "^4.0.2"
    d3-shape "^3.1.0"
    d3-time "^3.0.0"
    d3-timer "^3.0.1"

victory-voronoi-container@^36.9.1:
  version "36.9.1"
  resolved "https://registry.yarnpkg.com/victory-voronoi-container/-/victory-voronoi-container-36.9.1.tgz#79cc5cf907eac52082c0a0085b07764e0ec0ea2d"
  integrity sha512-F/ZWvhF/JkRxFT1UPGf4HgPnBAhUmbRIBssAvsIRer4cr3p7RieMNTMcTYHtVwR9kTKClfmJKgn1T7imBGt2BA==
  dependencies:
    delaunay-find "0.0.6"
    lodash "^4.17.19"
    react-fast-compare "^3.2.0"
    victory-core "^36.9.1"
    victory-tooltip "^36.9.1"

victory-voronoi@^36.9.1:
  version "36.9.1"
  resolved "https://registry.yarnpkg.com/victory-voronoi/-/victory-voronoi-36.9.1.tgz#6983c4129e245896fdd4cc24d8a42aef3b21b76f"
  integrity sha512-LJyBRKYu2dyrBO8Mr6vvpyknjoag/k0uJ1ax4DAFGk1uAW+ktRu5QXmU5UMIiDNihScByUsiU76JnHhI2A5wYg==
  dependencies:
    d3-voronoi "^1.1.4"
    lodash "^4.17.19"
    victory-core "^36.9.1"

victory-zoom-container@^36.9.1:
  version "36.9.1"
  resolved "https://registry.yarnpkg.com/victory-zoom-container/-/victory-zoom-container-36.9.1.tgz#3369bf4e3b8f9afe0cd2c32257286de68d33489c"
  integrity sha512-2G+2iUsmTCpt1ItUWVOzK0CCRYCFf+/rH4uXuvXqipHjRnotz5bxOkuW68Fdx1MzGoexIc8DfQoKxKd/q0HkZA==
  dependencies:
    lodash "^4.17.19"
    victory-core "^36.9.1"

victory@^36.9.1:
  version "36.9.1"
  resolved "https://registry.yarnpkg.com/victory/-/victory-36.9.1.tgz#07cdab3cea7b762ecc631f58f3210b7a3fdf25a2"
  integrity sha512-unLRMqyXNU6oiLqIPFKc5LdbQpqd0y8icz/J6ma5jnKfcZvsrrPRffkSv0KNPJ/EZMdRsZAcfOF7nSTOYeru3w==
  dependencies:
    victory-area "^36.9.1"
    victory-axis "^36.9.1"
    victory-bar "^36.9.1"
    victory-box-plot "^36.9.1"
    victory-brush-container "^36.9.1"
    victory-brush-line "^36.9.1"
    victory-candlestick "^36.9.1"
    victory-canvas "^36.9.1"
    victory-chart "^36.9.1"
    victory-core "^36.9.1"
    victory-create-container "^36.9.1"
    victory-cursor-container "^36.9.1"
    victory-errorbar "^36.9.1"
    victory-group "^36.9.1"
    victory-histogram "^36.9.1"
    victory-legend "^36.9.1"
    victory-line "^36.9.1"
    victory-pie "^36.9.1"
    victory-polar-axis "^36.9.1"
    victory-scatter "^36.9.1"
    victory-selection-container "^36.9.1"
    victory-shared-events "^36.9.1"
    victory-stack "^36.9.1"
    victory-tooltip "^36.9.1"
    victory-voronoi "^36.9.1"
    victory-voronoi-container "^36.9.1"
    victory-zoom-container "^36.9.1"
